
Microsoft Visual Studio Solution File, Format Version 12.00
# Visual Studio Version 16
VisualStudioVersion = 16.0.30406.217
MinimumVisualStudioVersion = 10.0.40219.1
Project("{FAE04EC0-301F-11D3-BF4B-00C04F79EFBC}") = "mvc_efcore_2", "mvc_efcore_2\mvc_efcore_2.csproj", "{6E9E0B56-EBAE-47E0-A4FA-1748B1EFCA60}"
EndProject
Global
	GlobalSection(SolutionConfigurationPlatforms) = preSolution
		Debug|Any CPU = Debug|Any CPU
		Release|Any CPU = Release|Any CPU
	EndGlobalSection
	GlobalSection(ProjectConfigurationPlatforms) = postSolution
		{6E9E0B56-EBAE-47E0-A4FA-1748B1EFCA60}.Debug|Any CPU.ActiveCfg = Debug|Any CPU
		{6E9E0B56-EBAE-47E0-A4FA-1748B1EFCA60}.Debug|Any CPU.Build.0 = Debug|Any CPU
		{6E9E0B56-EBAE-47E0-A4FA-1748B1EFCA60}.Release|Any CPU.ActiveCfg = Release|Any CPU
		{6E9E0B56-EBAE-47E0-A4FA-1748B1EFCA60}.Release|Any CPU.Build.0 = Release|Any CPU
	EndGlobalSection
	GlobalSection(SolutionProperties) = preSolution
		HideSolutionNode = FALSE
	EndGlobalSection
	GlobalSection(ExtensibilityGlobals) = postSolution
		SolutionGuid = {C988E5FC-BF94-4D2B-8EDD-55C77AA7D3D6}
	EndGlobalSection
EndGlobal
